
Microsoft Visual Studio Solution File, Format Version 12.00
# Visual Studio Version 16
VisualStudioVersion = 16.0.32802.440
MinimumVisualStudioVersion = 10.0.40219.1
Project("{FAE04EC0-301F-11D3-BF4B-00C04F79EFBC}") = "8oib", "8oib\8oib.csproj", "{647170D6-C06B-4F72-B381-1BD34D45EBCF}"
EndProject
Global
	GlobalSection(SolutionConfigurationPlatforms) = preSolution
		Debug|Any CPU = Debug|Any CPU
		Release|Any CPU = Release|Any CPU
	EndGlobalSection
	GlobalSection(ProjectConfigurationPlatforms) = postSolution
		{647170D6-C06B-4F72-B381-1BD34D45EBCF}.Debug|Any CPU.ActiveCfg = Debug|Any CPU
		{647170D6-C06B-4F72-B381-1BD34D45EBCF}.Debug|Any CPU.Build.0 = Debug|Any CPU
		{647170D6-C06B-4F72-B381-1BD34D45EBCF}.Release|Any CPU.ActiveCfg = Release|Any CPU
		{647170D6-C06B-4F72-B381-1BD34D45EBCF}.Release|Any CPU.Build.0 = Release|Any CPU
	EndGlobalSection
	GlobalSection(SolutionProperties) = preSolution
		HideSolutionNode = FALSE
	EndGlobalSection
	GlobalSection(ExtensibilityGlobals) = postSolution
		SolutionGuid = {29B6FFC2-2A46-487B-AEC8-CCED8B5012D8}
	EndGlobalSection
EndGlobal
